
Microsoft Visual Studio Solution File, Format Version 12.00
# Visual Studio 14
VisualStudioVersion = 14.0.23107.0
MinimumVisualStudioVersion = 10.0.40219.1
Project("{2150E333-8FDC-42A3-9474-1A3956D46DE8}") = "Tests", "Tests", "{47BFA04F-2E92-4823-B992-96610DB4883F}"
EndProject
Project("{FAE04EC0-301F-11D3-BF4B-00C04F79EFBC}") = "lightbox.Data", "lightbox.Data\lightbox.Data.csproj", "{F3138185-DC3D-48C3-B20C-5D4228A54872}"
EndProject
Project("{FAE04EC0-301F-11D3-BF4B-00C04F79EFBC}") = "lightbox.Custom", "lightbox.Custom\lightbox.Custom.csproj", "{7A66EE61-891A-4912-8477-F1593E9007E8}"
EndProject
Project("{FAE04EC0-301F-11D3-BF4B-00C04F79EFBC}") = "lightbox.Web", "lightbox.Web\lightbox.Web.csproj", "{A206CD77-59B7-4DD9-A2F4-EAF72B67841F}"
EndProject
Project("{CAA73BB0-EF22-4D79-A57E-DF67B3BA9C80}") = "lightbox.TDS.Core", "lightbox.TDS.Core\lightbox.TDS.Core.scproj", "{C89A9D13-9E51-4C91-8F44-1E8D319F0BB7}"
EndProject
Project("{CAA73BB0-EF22-4D79-A57E-DF67B3BA9C80}") = "lightbox.TDS.Master", "lightbox.TDS.Master\lightbox.TDS.Master.scproj", "{93CB1B90-8B66-4220-B9A2-7EFFC7D22A19}"
	ProjectSection(ProjectDependencies) = postProject
		{C89A9D13-9E51-4C91-8F44-1E8D319F0BB7} = {C89A9D13-9E51-4C91-8F44-1E8D319F0BB7}
	EndProjectSection
EndProject
Project("{CAA73BB0-EF22-4D79-A57E-DF67B3BA9C80}") = "lightbox.TDS.Master.Content", "lightbox.TDS.Master.Content\lightbox.TDS.Master.Content.scproj", "{32FBA666-69ED-4B53-B686-5D00C9490DE7}"
	ProjectSection(ProjectDependencies) = postProject
		{93CB1B90-8B66-4220-B9A2-7EFFC7D22A19} = {93CB1B90-8B66-4220-B9A2-7EFFC7D22A19}
		{C89A9D13-9E51-4C91-8F44-1E8D319F0BB7} = {C89A9D13-9E51-4C91-8F44-1E8D319F0BB7}
	EndProjectSection
EndProject
Project("{FAE04EC0-301F-11D3-BF4B-00C04F79EFBC}") = "lightbox.Environments", "lightbox.Environments\lightbox.Environments.csproj", "{661FA7DE-4A46-420C-8E99-9FF56177E744}"
EndProject
Project("{FAE04EC0-301F-11D3-BF4B-00C04F79EFBC}") = "lightbox.Data.Tests", "lightbox.Data.Tests\lightbox.Data.Tests.csproj", "{93E4C27A-0430-4993-8E13-AB4A51FBD808}"
EndProject
Project("{FAE04EC0-301F-11D3-BF4B-00C04F79EFBC}") = "lightbox.Custom.Tests", "lightbox.Custom.Tests\lightbox.Custom.Tests.csproj", "{2D2B660C-C41F-4AD1-8957-1CA6B7E85A3C}"
EndProject
Global
	GlobalSection(SolutionConfigurationPlatforms) = preSolution
		CI|Any CPU = CI|Any CPU
		Debug|Any CPU = Debug|Any CPU
		INT-Single|Any CPU = INT-Single|Any CPU
		PROD-CD|Any CPU = PROD-CD|Any CPU
		PROD-CM|Any CPU = PROD-CM|Any CPU
		PROD-Single|Any CPU = PROD-Single|Any CPU
		QA-Single|Any CPU = QA-Single|Any CPU
		Release|Any CPU = Release|Any CPU
		Sandbox|Any CPU = Sandbox|Any CPU
	EndGlobalSection
	GlobalSection(ProjectConfigurationPlatforms) = postSolution
		{F3138185-DC3D-48C3-B20C-5D4228A54872}.CI|Any CPU.ActiveCfg = CI|Any CPU
		{F3138185-DC3D-48C3-B20C-5D4228A54872}.CI|Any CPU.Build.0 = CI|Any CPU
		{F3138185-DC3D-48C3-B20C-5D4228A54872}.Debug|Any CPU.ActiveCfg = Sandbox|Any CPU
		{F3138185-DC3D-48C3-B20C-5D4228A54872}.Debug|Any CPU.Build.0 = Sandbox|Any CPU
		{F3138185-DC3D-48C3-B20C-5D4228A54872}.INT-Single|Any CPU.ActiveCfg = INT-Single|Any CPU
		{F3138185-DC3D-48C3-B20C-5D4228A54872}.INT-Single|Any CPU.Build.0 = INT-Single|Any CPU
		{F3138185-DC3D-48C3-B20C-5D4228A54872}.PROD-CD|Any CPU.ActiveCfg = PROD-CD|Any CPU
		{F3138185-DC3D-48C3-B20C-5D4228A54872}.PROD-CD|Any CPU.Build.0 = PROD-CD|Any CPU
		{F3138185-DC3D-48C3-B20C-5D4228A54872}.PROD-CM|Any CPU.ActiveCfg = PROD-CM|Any CPU
		{F3138185-DC3D-48C3-B20C-5D4228A54872}.PROD-CM|Any CPU.Build.0 = PROD-CM|Any CPU
		{F3138185-DC3D-48C3-B20C-5D4228A54872}.PROD-Single|Any CPU.ActiveCfg = PROD-Single|Any CPU
		{F3138185-DC3D-48C3-B20C-5D4228A54872}.PROD-Single|Any CPU.Build.0 = PROD-Single|Any CPU
		{F3138185-DC3D-48C3-B20C-5D4228A54872}.QA-Single|Any CPU.ActiveCfg = QA-Single|Any CPU
		{F3138185-DC3D-48C3-B20C-5D4228A54872}.QA-Single|Any CPU.Build.0 = QA-Single|Any CPU
		{F3138185-DC3D-48C3-B20C-5D4228A54872}.Release|Any CPU.ActiveCfg = PROD-Single|Any CPU
		{F3138185-DC3D-48C3-B20C-5D4228A54872}.Release|Any CPU.Build.0 = PROD-Single|Any CPU
		{F3138185-DC3D-48C3-B20C-5D4228A54872}.Sandbox|Any CPU.ActiveCfg = Sandbox|Any CPU
		{F3138185-DC3D-48C3-B20C-5D4228A54872}.Sandbox|Any CPU.Build.0 = Sandbox|Any CPU
		{7A66EE61-891A-4912-8477-F1593E9007E8}.CI|Any CPU.ActiveCfg = CI|Any CPU
		{7A66EE61-891A-4912-8477-F1593E9007E8}.CI|Any CPU.Build.0 = CI|Any CPU
		{7A66EE61-891A-4912-8477-F1593E9007E8}.Debug|Any CPU.ActiveCfg = Sandbox|Any CPU
		{7A66EE61-891A-4912-8477-F1593E9007E8}.Debug|Any CPU.Build.0 = Sandbox|Any CPU
		{7A66EE61-891A-4912-8477-F1593E9007E8}.INT-Single|Any CPU.ActiveCfg = INT-Single|Any CPU
		{7A66EE61-891A-4912-8477-F1593E9007E8}.INT-Single|Any CPU.Build.0 = INT-Single|Any CPU
		{7A66EE61-891A-4912-8477-F1593E9007E8}.PROD-CD|Any CPU.ActiveCfg = PROD-CD|Any CPU
		{7A66EE61-891A-4912-8477-F1593E9007E8}.PROD-CD|Any CPU.Build.0 = PROD-CD|Any CPU
		{7A66EE61-891A-4912-8477-F1593E9007E8}.PROD-CM|Any CPU.ActiveCfg = PROD-CM|Any CPU
		{7A66EE61-891A-4912-8477-F1593E9007E8}.PROD-CM|Any CPU.Build.0 = PROD-CM|Any CPU
		{7A66EE61-891A-4912-8477-F1593E9007E8}.PROD-Single|Any CPU.ActiveCfg = PROD-Single|Any CPU
		{7A66EE61-891A-4912-8477-F1593E9007E8}.PROD-Single|Any CPU.Build.0 = PROD-Single|Any CPU
		{7A66EE61-891A-4912-8477-F1593E9007E8}.QA-Single|Any CPU.ActiveCfg = QA-Single|Any CPU
		{7A66EE61-891A-4912-8477-F1593E9007E8}.QA-Single|Any CPU.Build.0 = QA-Single|Any CPU
		{7A66EE61-891A-4912-8477-F1593E9007E8}.Release|Any CPU.ActiveCfg = PROD-Single|Any CPU
		{7A66EE61-891A-4912-8477-F1593E9007E8}.Release|Any CPU.Build.0 = PROD-Single|Any CPU
		{7A66EE61-891A-4912-8477-F1593E9007E8}.Sandbox|Any CPU.ActiveCfg = Sandbox|Any CPU
		{7A66EE61-891A-4912-8477-F1593E9007E8}.Sandbox|Any CPU.Build.0 = Sandbox|Any CPU
		{A206CD77-59B7-4DD9-A2F4-EAF72B67841F}.CI|Any CPU.ActiveCfg = CI|Any CPU
		{A206CD77-59B7-4DD9-A2F4-EAF72B67841F}.CI|Any CPU.Build.0 = CI|Any CPU
		{A206CD77-59B7-4DD9-A2F4-EAF72B67841F}.Debug|Any CPU.ActiveCfg = Sandbox|Any CPU
		{A206CD77-59B7-4DD9-A2F4-EAF72B67841F}.Debug|Any CPU.Build.0 = Sandbox|Any CPU
		{A206CD77-59B7-4DD9-A2F4-EAF72B67841F}.INT-Single|Any CPU.ActiveCfg = INT-Single|Any CPU
		{A206CD77-59B7-4DD9-A2F4-EAF72B67841F}.INT-Single|Any CPU.Build.0 = INT-Single|Any CPU
		{A206CD77-59B7-4DD9-A2F4-EAF72B67841F}.PROD-CD|Any CPU.ActiveCfg = PROD-CD|Any CPU
		{A206CD77-59B7-4DD9-A2F4-EAF72B67841F}.PROD-CD|Any CPU.Build.0 = PROD-CD|Any CPU
		{A206CD77-59B7-4DD9-A2F4-EAF72B67841F}.PROD-CM|Any CPU.ActiveCfg = PROD-CM|Any CPU
		{A206CD77-59B7-4DD9-A2F4-EAF72B67841F}.PROD-CM|Any CPU.Build.0 = PROD-CM|Any CPU
		{A206CD77-59B7-4DD9-A2F4-EAF72B67841F}.PROD-Single|Any CPU.ActiveCfg = PROD-Single|Any CPU
		{A206CD77-59B7-4DD9-A2F4-EAF72B67841F}.PROD-Single|Any CPU.Build.0 = PROD-Single|Any CPU
		{A206CD77-59B7-4DD9-A2F4-EAF72B67841F}.QA-Single|Any CPU.ActiveCfg = QA-Single|Any CPU
		{A206CD77-59B7-4DD9-A2F4-EAF72B67841F}.QA-Single|Any CPU.Build.0 = QA-Single|Any CPU
		{A206CD77-59B7-4DD9-A2F4-EAF72B67841F}.Release|Any CPU.ActiveCfg = PROD-Single|Any CPU
		{A206CD77-59B7-4DD9-A2F4-EAF72B67841F}.Release|Any CPU.Build.0 = PROD-Single|Any CPU
		{A206CD77-59B7-4DD9-A2F4-EAF72B67841F}.Sandbox|Any CPU.ActiveCfg = Sandbox|Any CPU
		{A206CD77-59B7-4DD9-A2F4-EAF72B67841F}.Sandbox|Any CPU.Build.0 = Sandbox|Any CPU
		{C89A9D13-9E51-4C91-8F44-1E8D319F0BB7}.CI|Any CPU.ActiveCfg = CI|Any CPU
		{C89A9D13-9E51-4C91-8F44-1E8D319F0BB7}.CI|Any CPU.Build.0 = CI|Any CPU
		{C89A9D13-9E51-4C91-8F44-1E8D319F0BB7}.Debug|Any CPU.ActiveCfg = Sandbox|Any CPU
		{C89A9D13-9E51-4C91-8F44-1E8D319F0BB7}.Debug|Any CPU.Build.0 = Sandbox|Any CPU
		{C89A9D13-9E51-4C91-8F44-1E8D319F0BB7}.Debug|Any CPU.Deploy.0 = Sandbox|Any CPU
		{C89A9D13-9E51-4C91-8F44-1E8D319F0BB7}.INT-Single|Any CPU.ActiveCfg = INT-Single|Any CPU
		{C89A9D13-9E51-4C91-8F44-1E8D319F0BB7}.INT-Single|Any CPU.Build.0 = INT-Single|Any CPU
		{C89A9D13-9E51-4C91-8F44-1E8D319F0BB7}.PROD-CD|Any CPU.ActiveCfg = PROD-CD|Any CPU
		{C89A9D13-9E51-4C91-8F44-1E8D319F0BB7}.PROD-CD|Any CPU.Build.0 = PROD-CD|Any CPU
		{C89A9D13-9E51-4C91-8F44-1E8D319F0BB7}.PROD-CM|Any CPU.ActiveCfg = PROD-CM|Any CPU
		{C89A9D13-9E51-4C91-8F44-1E8D319F0BB7}.PROD-CM|Any CPU.Build.0 = PROD-CM|Any CPU
		{C89A9D13-9E51-4C91-8F44-1E8D319F0BB7}.PROD-Single|Any CPU.ActiveCfg = PROD-Single|Any CPU
		{C89A9D13-9E51-4C91-8F44-1E8D319F0BB7}.PROD-Single|Any CPU.Build.0 = PROD-Single|Any CPU
		{C89A9D13-9E51-4C91-8F44-1E8D319F0BB7}.QA-Single|Any CPU.ActiveCfg = QA-Single|Any CPU
		{C89A9D13-9E51-4C91-8F44-1E8D319F0BB7}.QA-Single|Any CPU.Build.0 = QA-Single|Any CPU
		{C89A9D13-9E51-4C91-8F44-1E8D319F0BB7}.Release|Any CPU.ActiveCfg = PROD-Single|Any CPU
		{C89A9D13-9E51-4C91-8F44-1E8D319F0BB7}.Release|Any CPU.Build.0 = PROD-Single|Any CPU
		{C89A9D13-9E51-4C91-8F44-1E8D319F0BB7}.Sandbox|Any CPU.ActiveCfg = Sandbox|Any CPU
		{C89A9D13-9E51-4C91-8F44-1E8D319F0BB7}.Sandbox|Any CPU.Build.0 = Sandbox|Any CPU
		{C89A9D13-9E51-4C91-8F44-1E8D319F0BB7}.Sandbox|Any CPU.Deploy.0 = Sandbox|Any CPU
		{93CB1B90-8B66-4220-B9A2-7EFFC7D22A19}.CI|Any CPU.ActiveCfg = CI|Any CPU
		{93CB1B90-8B66-4220-B9A2-7EFFC7D22A19}.CI|Any CPU.Build.0 = CI|Any CPU
		{93CB1B90-8B66-4220-B9A2-7EFFC7D22A19}.Debug|Any CPU.ActiveCfg = Sandbox|Any CPU
		{93CB1B90-8B66-4220-B9A2-7EFFC7D22A19}.Debug|Any CPU.Build.0 = Sandbox|Any CPU
		{93CB1B90-8B66-4220-B9A2-7EFFC7D22A19}.Debug|Any CPU.Deploy.0 = Sandbox|Any CPU
		{93CB1B90-8B66-4220-B9A2-7EFFC7D22A19}.INT-Single|Any CPU.ActiveCfg = INT-Single|Any CPU
		{93CB1B90-8B66-4220-B9A2-7EFFC7D22A19}.INT-Single|Any CPU.Build.0 = INT-Single|Any CPU
		{93CB1B90-8B66-4220-B9A2-7EFFC7D22A19}.PROD-CD|Any CPU.ActiveCfg = PROD-CD|Any CPU
		{93CB1B90-8B66-4220-B9A2-7EFFC7D22A19}.PROD-CD|Any CPU.Build.0 = PROD-CD|Any CPU
		{93CB1B90-8B66-4220-B9A2-7EFFC7D22A19}.PROD-CM|Any CPU.ActiveCfg = PROD-CM|Any CPU
		{93CB1B90-8B66-4220-B9A2-7EFFC7D22A19}.PROD-CM|Any CPU.Build.0 = PROD-CM|Any CPU
		{93CB1B90-8B66-4220-B9A2-7EFFC7D22A19}.PROD-Single|Any CPU.ActiveCfg = PROD-Single|Any CPU
		{93CB1B90-8B66-4220-B9A2-7EFFC7D22A19}.PROD-Single|Any CPU.Build.0 = PROD-Single|Any CPU
		{93CB1B90-8B66-4220-B9A2-7EFFC7D22A19}.QA-Single|Any CPU.ActiveCfg = QA-Single|Any CPU
		{93CB1B90-8B66-4220-B9A2-7EFFC7D22A19}.QA-Single|Any CPU.Build.0 = QA-Single|Any CPU
		{93CB1B90-8B66-4220-B9A2-7EFFC7D22A19}.Release|Any CPU.ActiveCfg = PROD-Single|Any CPU
		{93CB1B90-8B66-4220-B9A2-7EFFC7D22A19}.Release|Any CPU.Build.0 = PROD-Single|Any CPU
		{93CB1B90-8B66-4220-B9A2-7EFFC7D22A19}.Sandbox|Any CPU.ActiveCfg = Sandbox|Any CPU
		{93CB1B90-8B66-4220-B9A2-7EFFC7D22A19}.Sandbox|Any CPU.Build.0 = Sandbox|Any CPU
		{93CB1B90-8B66-4220-B9A2-7EFFC7D22A19}.Sandbox|Any CPU.Deploy.0 = Sandbox|Any CPU
		{32FBA666-69ED-4B53-B686-5D00C9490DE7}.CI|Any CPU.ActiveCfg = CI|Any CPU
		{32FBA666-69ED-4B53-B686-5D00C9490DE7}.CI|Any CPU.Build.0 = CI|Any CPU
		{32FBA666-69ED-4B53-B686-5D00C9490DE7}.Debug|Any CPU.ActiveCfg = Sandbox|Any CPU
		{32FBA666-69ED-4B53-B686-5D00C9490DE7}.Debug|Any CPU.Build.0 = Sandbox|Any CPU
		{32FBA666-69ED-4B53-B686-5D00C9490DE7}.Debug|Any CPU.Deploy.0 = Sandbox|Any CPU
		{32FBA666-69ED-4B53-B686-5D00C9490DE7}.INT-Single|Any CPU.ActiveCfg = INT-Single|Any CPU
		{32FBA666-69ED-4B53-B686-5D00C9490DE7}.INT-Single|Any CPU.Build.0 = INT-Single|Any CPU
		{32FBA666-69ED-4B53-B686-5D00C9490DE7}.PROD-CD|Any CPU.ActiveCfg = PROD-CD|Any CPU
		{32FBA666-69ED-4B53-B686-5D00C9490DE7}.PROD-CD|Any CPU.Build.0 = PROD-CD|Any CPU
		{32FBA666-69ED-4B53-B686-5D00C9490DE7}.PROD-CM|Any CPU.ActiveCfg = PROD-CM|Any CPU
		{32FBA666-69ED-4B53-B686-5D00C9490DE7}.PROD-CM|Any CPU.Build.0 = PROD-CM|Any CPU
		{32FBA666-69ED-4B53-B686-5D00C9490DE7}.PROD-Single|Any CPU.ActiveCfg = PROD-Single|Any CPU
		{32FBA666-69ED-4B53-B686-5D00C9490DE7}.PROD-Single|Any CPU.Build.0 = PROD-Single|Any CPU
		{32FBA666-69ED-4B53-B686-5D00C9490DE7}.QA-Single|Any CPU.ActiveCfg = QA-Single|Any CPU
		{32FBA666-69ED-4B53-B686-5D00C9490DE7}.QA-Single|Any CPU.Build.0 = QA-Single|Any CPU
		{32FBA666-69ED-4B53-B686-5D00C9490DE7}.Release|Any CPU.ActiveCfg = PROD-Single|Any CPU
		{32FBA666-69ED-4B53-B686-5D00C9490DE7}.Release|Any CPU.Build.0 = PROD-Single|Any CPU
		{32FBA666-69ED-4B53-B686-5D00C9490DE7}.Sandbox|Any CPU.ActiveCfg = Sandbox|Any CPU
		{32FBA666-69ED-4B53-B686-5D00C9490DE7}.Sandbox|Any CPU.Build.0 = Sandbox|Any CPU
		{32FBA666-69ED-4B53-B686-5D00C9490DE7}.Sandbox|Any CPU.Deploy.0 = Sandbox|Any CPU
		{661FA7DE-4A46-420C-8E99-9FF56177E744}.CI|Any CPU.ActiveCfg = CI|Any CPU
		{661FA7DE-4A46-420C-8E99-9FF56177E744}.CI|Any CPU.Build.0 = CI|Any CPU
		{661FA7DE-4A46-420C-8E99-9FF56177E744}.Debug|Any CPU.ActiveCfg = Sandbox|Any CPU
		{661FA7DE-4A46-420C-8E99-9FF56177E744}.Debug|Any CPU.Build.0 = Sandbox|Any CPU
		{661FA7DE-4A46-420C-8E99-9FF56177E744}.INT-Single|Any CPU.ActiveCfg = INT-Single|Any CPU
		{661FA7DE-4A46-420C-8E99-9FF56177E744}.INT-Single|Any CPU.Build.0 = INT-Single|Any CPU
		{661FA7DE-4A46-420C-8E99-9FF56177E744}.PROD-CD|Any CPU.ActiveCfg = PROD-CD|Any CPU
		{661FA7DE-4A46-420C-8E99-9FF56177E744}.PROD-CD|Any CPU.Build.0 = PROD-CD|Any CPU
		{661FA7DE-4A46-420C-8E99-9FF56177E744}.PROD-CM|Any CPU.ActiveCfg = PROD-CM|Any CPU
		{661FA7DE-4A46-420C-8E99-9FF56177E744}.PROD-CM|Any CPU.Build.0 = PROD-CM|Any CPU
		{661FA7DE-4A46-420C-8E99-9FF56177E744}.PROD-Single|Any CPU.ActiveCfg = PROD-Single|Any CPU
		{661FA7DE-4A46-420C-8E99-9FF56177E744}.PROD-Single|Any CPU.Build.0 = PROD-Single|Any CPU
		{661FA7DE-4A46-420C-8E99-9FF56177E744}.QA-Single|Any CPU.ActiveCfg = QA-Single|Any CPU
		{661FA7DE-4A46-420C-8E99-9FF56177E744}.QA-Single|Any CPU.Build.0 = QA-Single|Any CPU
		{661FA7DE-4A46-420C-8E99-9FF56177E744}.Release|Any CPU.ActiveCfg = PROD-Single|Any CPU
		{661FA7DE-4A46-420C-8E99-9FF56177E744}.Release|Any CPU.Build.0 = PROD-Single|Any CPU
		{661FA7DE-4A46-420C-8E99-9FF56177E744}.Sandbox|Any CPU.ActiveCfg = Sandbox|Any CPU
		{661FA7DE-4A46-420C-8E99-9FF56177E744}.Sandbox|Any CPU.Build.0 = Sandbox|Any CPU
		{93E4C27A-0430-4993-8E13-AB4A51FBD808}.CI|Any CPU.ActiveCfg = Debug|Any CPU
		{93E4C27A-0430-4993-8E13-AB4A51FBD808}.CI|Any CPU.Build.0 = Debug|Any CPU
		{93E4C27A-0430-4993-8E13-AB4A51FBD808}.Debug|Any CPU.ActiveCfg = Debug|Any CPU
		{93E4C27A-0430-4993-8E13-AB4A51FBD808}.Debug|Any CPU.Build.0 = Debug|Any CPU
		{93E4C27A-0430-4993-8E13-AB4A51FBD808}.INT-Single|Any CPU.ActiveCfg = Release|Any CPU
		{93E4C27A-0430-4993-8E13-AB4A51FBD808}.INT-Single|Any CPU.Build.0 = Release|Any CPU
		{93E4C27A-0430-4993-8E13-AB4A51FBD808}.PROD-CD|Any CPU.ActiveCfg = Release|Any CPU
		{93E4C27A-0430-4993-8E13-AB4A51FBD808}.PROD-CD|Any CPU.Build.0 = Release|Any CPU
		{93E4C27A-0430-4993-8E13-AB4A51FBD808}.PROD-CM|Any CPU.ActiveCfg = Release|Any CPU
		{93E4C27A-0430-4993-8E13-AB4A51FBD808}.PROD-CM|Any CPU.Build.0 = Release|Any CPU
		{93E4C27A-0430-4993-8E13-AB4A51FBD808}.PROD-Single|Any CPU.ActiveCfg = Release|Any CPU
		{93E4C27A-0430-4993-8E13-AB4A51FBD808}.PROD-Single|Any CPU.Build.0 = Release|Any CPU
		{93E4C27A-0430-4993-8E13-AB4A51FBD808}.QA-Single|Any CPU.ActiveCfg = Release|Any CPU
		{93E4C27A-0430-4993-8E13-AB4A51FBD808}.QA-Single|Any CPU.Build.0 = Release|Any CPU
		{93E4C27A-0430-4993-8E13-AB4A51FBD808}.Release|Any CPU.ActiveCfg = Release|Any CPU
		{93E4C27A-0430-4993-8E13-AB4A51FBD808}.Release|Any CPU.Build.0 = Release|Any CPU
		{93E4C27A-0430-4993-8E13-AB4A51FBD808}.Sandbox|Any CPU.ActiveCfg = Debug|Any CPU
		{93E4C27A-0430-4993-8E13-AB4A51FBD808}.Sandbox|Any CPU.Build.0 = Debug|Any CPU
		{2D2B660C-C41F-4AD1-8957-1CA6B7E85A3C}.CI|Any CPU.ActiveCfg = Debug|Any CPU
		{2D2B660C-C41F-4AD1-8957-1CA6B7E85A3C}.CI|Any CPU.Build.0 = Debug|Any CPU
		{2D2B660C-C41F-4AD1-8957-1CA6B7E85A3C}.Debug|Any CPU.ActiveCfg = Debug|Any CPU
		{2D2B660C-C41F-4AD1-8957-1CA6B7E85A3C}.Debug|Any CPU.Build.0 = Debug|Any CPU
		{2D2B660C-C41F-4AD1-8957-1CA6B7E85A3C}.INT-Single|Any CPU.ActiveCfg = Release|Any CPU
		{2D2B660C-C41F-4AD1-8957-1CA6B7E85A3C}.INT-Single|Any CPU.Build.0 = Release|Any CPU
		{2D2B660C-C41F-4AD1-8957-1CA6B7E85A3C}.PROD-CD|Any CPU.ActiveCfg = Release|Any CPU
		{2D2B660C-C41F-4AD1-8957-1CA6B7E85A3C}.PROD-CD|Any CPU.Build.0 = Release|Any CPU
		{2D2B660C-C41F-4AD1-8957-1CA6B7E85A3C}.PROD-CM|Any CPU.ActiveCfg = Release|Any CPU
		{2D2B660C-C41F-4AD1-8957-1CA6B7E85A3C}.PROD-CM|Any CPU.Build.0 = Release|Any CPU
		{2D2B660C-C41F-4AD1-8957-1CA6B7E85A3C}.PROD-Single|Any CPU.ActiveCfg = Release|Any CPU
		{2D2B660C-C41F-4AD1-8957-1CA6B7E85A3C}.PROD-Single|Any CPU.Build.0 = Release|Any CPU
		{2D2B660C-C41F-4AD1-8957-1CA6B7E85A3C}.QA-Single|Any CPU.ActiveCfg = Release|Any CPU
		{2D2B660C-C41F-4AD1-8957-1CA6B7E85A3C}.QA-Single|Any CPU.Build.0 = Release|Any CPU
		{2D2B660C-C41F-4AD1-8957-1CA6B7E85A3C}.Release|Any CPU.ActiveCfg = Release|Any CPU
		{2D2B660C-C41F-4AD1-8957-1CA6B7E85A3C}.Release|Any CPU.Build.0 = Release|Any CPU
		{2D2B660C-C41F-4AD1-8957-1CA6B7E85A3C}.Sandbox|Any CPU.ActiveCfg = Debug|Any CPU
		{2D2B660C-C41F-4AD1-8957-1CA6B7E85A3C}.Sandbox|Any CPU.Build.0 = Debug|Any CPU
	EndGlobalSection
	GlobalSection(SolutionProperties) = preSolution
		HideSolutionNode = FALSE
	EndGlobalSection
	GlobalSection(NestedProjects) = preSolution
		{93E4C27A-0430-4993-8E13-AB4A51FBD808} = {47BFA04F-2E92-4823-B992-96610DB4883F}
		{2D2B660C-C41F-4AD1-8957-1CA6B7E85A3C} = {47BFA04F-2E92-4823-B992-96610DB4883F}
	EndGlobalSection
EndGlobal
